
Microsoft Visual Studio Solution File, Format Version 12.00
# Visual Studio 15
VisualStudioVersion = 15.0.28307.136
MinimumVisualStudioVersion = 10.0.40219.1
Project("{FAE04EC0-301F-11D3-BF4B-00C04F79EFBC}") = "GigHub", "GigHub\GigHub.csproj", "{440E6000-6BF4-4FEE-86B1-363A3927ABBE}"
EndProject
Global
	GlobalSection(SolutionConfigurationPlatforms) = preSolution
		Debug|Any CPU = Debug|Any CPU
		Release|Any CPU = Release|Any CPU
	EndGlobalSection
	GlobalSection(ProjectConfigurationPlatforms) = postSolution
		{440E6000-6BF4-4FEE-86B1-363A3927ABBE}.Debug|Any CPU.ActiveCfg = Debug|Any CPU
		{440E6000-6BF4-4FEE-86B1-363A3927ABBE}.Debug|Any CPU.Build.0 = Debug|Any CPU
		{440E6000-6BF4-4FEE-86B1-363A3927ABBE}.Release|Any CPU.ActiveCfg = Release|Any CPU
		{440E6000-6BF4-4FEE-86B1-363A3927ABBE}.Release|Any CPU.Build.0 = Release|Any CPU
	EndGlobalSection
	GlobalSection(SolutionProperties) = preSolution
		HideSolutionNode = FALSE
	EndGlobalSection
	GlobalSection(ExtensibilityGlobals) = postSolution
		SolutionGuid = {F8E2B0E4-764D-49E6-86B4-8E95D4D01FA3}
	EndGlobalSection
EndGlobal
